
Microsoft Visual Studio Solution File, Format Version 12.00
# Visual Studio Version 17
VisualStudioVersion = 17.10.35013.160
MinimumVisualStudioVersion = 10.0.40219.1
Project("{FAE04EC0-301F-11D3-BF4B-00C04F79EFBC}") = "PracticumGUI", "PracticumGUI.csproj", "{925BBA8D-11A8-4AE2-B4FA-6EE59DD6A704}"
EndProject
Global
	GlobalSection(SolutionConfigurationPlatforms) = preSolution
		Debug|Any CPU = Debug|Any CPU
		Release|Any CPU = Release|Any CPU
	EndGlobalSection
	GlobalSection(ProjectConfigurationPlatforms) = postSolution
		{925BBA8D-11A8-4AE2-B4FA-6EE59DD6A704}.Debug|Any CPU.ActiveCfg = Debug|Any CPU
		{925BBA8D-11A8-4AE2-B4FA-6EE59DD6A704}.Debug|Any CPU.Build.0 = Debug|Any CPU
		{925BBA8D-11A8-4AE2-B4FA-6EE59DD6A704}.Release|Any CPU.ActiveCfg = Release|Any CPU
		{925BBA8D-11A8-4AE2-B4FA-6EE59DD6A704}.Release|Any CPU.Build.0 = Release|Any CPU
	EndGlobalSection
	GlobalSection(SolutionProperties) = preSolution
		HideSolutionNode = FALSE
	EndGlobalSection
	GlobalSection(ExtensibilityGlobals) = postSolution
		SolutionGuid = {8F2597D7-8DC6-4E5B-96EE-001D09DB1E3C}
	EndGlobalSection
EndGlobal
